github.com/GeorgeAPaul/Random_forest/decision_tree v0.0.0-20220513150748-bae463644f73 h1:yvi4NuigSxYNroRQmXKXjQ2Aqfy3V0YLGRyMwBgmftc=
github.com/GeorgeAPaul/Random_forest/decision_tree v0.0.0-20220513150748-bae463644f73/go.mod h1:plVkrAP+7YsnoBdbtewNsfmHGRj0rhd14cTbeZNrGWc=
github.com/GeorgeAPaul/Random_forest/dt_node v0.0.0-20220513145455-3fefe1c7dbe9 h1:tfmQW6q3z+Hc7y1AW8y0XmCHNbC4dOIfFH0luSKWs9w=
github.com/GeorgeAPaul/Random_forest/dt_node v0.0.0-20220513145455-3fefe1c7dbe9/go.mod h1:I+0en9YIMFEwSkY1f4wobNWeLXHwc7N6YHe5lPgZ4R0=
