github.com/GeorgeAPaul/Random_forest/decision_tree v0.0.0-20220514175105-d6d6171d3ebf h1:qohpYQHfjEY0s3xMVcLoITo10Tk9vN+vutQzNdT/9cE=
github.com/GeorgeAPaul/Random_forest/decision_tree v0.0.0-20220514175105-d6d6171d3ebf/go.mod h1:90kxLlpUxnwoX60KTYILY0sa2I/qsipYECv4dJ8wRGQ=
github.com/GeorgeAPaul/Random_forest/dt_node v0.0.0-20220514175105-d6d6171d3ebf h1:+7GJMJ5T9ou4mXTbRgHsAxJbViZl+Q1csBy0VbWvylo=
github.com/GeorgeAPaul/Random_forest/dt_node v0.0.0-20220514175105-d6d6171d3ebf/go.mod h1:I+0en9YIMFEwSkY1f4wobNWeLXHwc7N6YHe5lPgZ4R0=
