github.com/GeorgeAPaul/Random_forest/dt_node v0.0.0-20220514164345-adda7fe5589d h1:fynVTSwqLUP+XA6ThSss6qYxl6QGqOdM0ghS0TN9d6c=
github.com/GeorgeAPaul/Random_forest/dt_node v0.0.0-20220514164345-adda7fe5589d/go.mod h1:I+0en9YIMFEwSkY1f4wobNWeLXHwc7N6YHe5lPgZ4R0=
github.com/GeorgeAPaul/Random_forest/dt_node v0.0.0-20220514175105-d6d6171d3ebf h1:+7GJMJ5T9ou4mXTbRgHsAxJbViZl+Q1csBy0VbWvylo=
github.com/GeorgeAPaul/Random_forest/dt_node v0.0.0-20220514175105-d6d6171d3ebf/go.mod h1:I+0en9YIMFEwSkY1f4wobNWeLXHwc7N6YHe5lPgZ4R0=
