github.com/GeorgeAPaul/Random_forest/decision_tree/dt_node v0.0.0-20220513131036-9e1f61f8c4ec h1:1vQbUD488TJmJJRv42X+sqP3JRXVscZLy2WOc72EFK4=
github.com/GeorgeAPaul/Random_forest/decision_tree/dt_node v0.0.0-20220513131036-9e1f61f8c4ec/go.mod h1:vVSRZHLR3VkgbWbAzvXiWXLBaMboHlRfkYd6ubuSp/M=
github.com/GeorgeAPaul/Random_forest/decision_tree/dt_node v0.0.0-20220513135108-985b554ac8b1 h1:0HtfyJLm3IcArhyXEBLA/ehl5Jo6dLFm9O3CQmkC94w=
github.com/GeorgeAPaul/Random_forest/decision_tree/dt_node v0.0.0-20220513135108-985b554ac8b1/go.mod h1:vVSRZHLR3VkgbWbAzvXiWXLBaMboHlRfkYd6ubuSp/M=
