github.com/GeorgeAPaul/Random_forest/dt_node v0.0.0-20220514175105-d6d6171d3ebf h1:+7GJMJ5T9ou4mXTbRgHsAxJbViZl+Q1csBy0VbWvylo=
github.com/GeorgeAPaul/Random_forest/dt_node v0.0.0-20220514175105-d6d6171d3ebf/go.mod h1:I+0en9YIMFEwSkY1f4wobNWeLXHwc7N6YHe5lPgZ4R0=
github.com/GeorgeAPaul/Random_forest/dt_node v0.0.0-20220515134439-d5a04ba02716 h1:hccTYd6i3Oy6z4qlt1N3PV7OIz1jGHdZPHtOq6PwANU=
github.com/GeorgeAPaul/Random_forest/dt_node v0.0.0-20220515134439-d5a04ba02716/go.mod h1:I+0en9YIMFEwSkY1f4wobNWeLXHwc7N6YHe5lPgZ4R0=
github.com/GeorgeAPaul/Random_forest/dt_node v0.0.0-20220515140840-3e8c46628aaf h1:1iT3vzZgTET6gZT/AIBg0utfOMUgn1K8r9BVNFc8C7g=
github.com/GeorgeAPaul/Random_forest/dt_node v0.0.0-20220515140840-3e8c46628aaf/go.mod h1:I+0en9YIMFEwSkY1f4wobNWeLXHwc7N6YHe5lPgZ4R0=
